
Microsoft Visual Studio Solution File, Format Version 12.00
Project("{FAE04EC0-301F-11D3-BF4B-00C04F79EFBC}") = "FlightGearApi", "FlightGearApi\FlightGearApi.csproj", "{59C75115-E867-4CFC-9CC0-7A5F0DF5E2F7}"
EndProject
Global
	GlobalSection(SolutionConfigurationPlatforms) = preSolution
		Debug|Any CPU = Debug|Any CPU
		Release|Any CPU = Release|Any CPU
	EndGlobalSection
	GlobalSection(ProjectConfigurationPlatforms) = postSolution
		{59C75115-E867-4CFC-9CC0-7A5F0DF5E2F7}.Debug|Any CPU.ActiveCfg = Debug|Any CPU
		{59C75115-E867-4CFC-9CC0-7A5F0DF5E2F7}.Debug|Any CPU.Build.0 = Debug|Any CPU
		{59C75115-E867-4CFC-9CC0-7A5F0DF5E2F7}.Release|Any CPU.ActiveCfg = Release|Any CPU
		{59C75115-E867-4CFC-9CC0-7A5F0DF5E2F7}.Release|Any CPU.Build.0 = Release|Any CPU
	EndGlobalSection
EndGlobal
